
Microsoft Visual Studio Solution File, Format Version 12.00
# Visual Studio Version 17
VisualStudioVersion = 17.9.34902.65
MinimumVisualStudioVersion = 10.0.40219.1
Project("{2150E333-8FDC-42A3-9474-1A3956D46DE8}") = "src", "src", "{CD788418-3560-46EE-8667-8CDE5D7AF4BF}"
EndProject
Project("{2150E333-8FDC-42A3-9474-1A3956D46DE8}") = "tests", "tests", "{4FBB8D5A-D260-49EE-B739-9364476D78DF}"
EndProject
Project("{2150E333-8FDC-42A3-9474-1A3956D46DE8}") = "Api", "Api", "{CB9D4F7B-AE5F-48E6-B085-67AD724BC29C}"
EndProject
Project("{2150E333-8FDC-42A3-9474-1A3956D46DE8}") = "Core", "Core", "{31879909-1E17-4D1B-9B86-F5DA9D667A63}"
EndProject
Project("{2150E333-8FDC-42A3-9474-1A3956D46DE8}") = "Infrastructure", "Infrastructure", "{C8F67E77-3326-44DD-8CDF-E950B8D54B14}"
EndProject
Project("{2150E333-8FDC-42A3-9474-1A3956D46DE8}") = "UI", "UI", "{639AA125-7154-4D4C-9A2F-3DC22D4E7179}"
EndProject
Project("{9A19103F-16F7-4668-BE54-9A1E7A4F7556}") = "CreditManager.Domain", "src\CreditManager.Domain\CreditManager.Domain.csproj", "{BFBC0017-9A74-41D3-AA27-5F7768F7D346}"
EndProject
Project("{9A19103F-16F7-4668-BE54-9A1E7A4F7556}") = "CreditManager.Application", "src\CreditManager.Application\CreditManager.Application.csproj", "{68B53CEA-2DAB-431C-BF93-46797E3949F5}"
EndProject
Project("{9A19103F-16F7-4668-BE54-9A1E7A4F7556}") = "CreditManager.Persistence", "src\CreditManager.Persistence\CreditManager.Persistence.csproj", "{44F648CC-8AF6-42EF-A2AE-08DB06935D0C}"
EndProject
Project("{9A19103F-16F7-4668-BE54-9A1E7A4F7556}") = "CreditManager.Infrastructure", "src\CreditManager.Infrastructure\CreditManager.Infrastructure.csproj", "{B26C3AEC-885B-46A2-BD20-0DD1F78A0E44}"
EndProject
Project("{9A19103F-16F7-4668-BE54-9A1E7A4F7556}") = "CreditManager.Api", "src\CreditManager.Api\CreditManager.Api.csproj", "{4877933D-AECC-4685-8DDB-19E5F4206095}"
EndProject
Project("{9A19103F-16F7-4668-BE54-9A1E7A4F7556}") = "CreditManager.Application.Tests", "tests\CreditManager.Application.Tests\CreditManager.Application.Tests.csproj", "{D0F19026-B208-4256-BCF8-CC92A20328B2}"
EndProject
Project("{9A19103F-16F7-4668-BE54-9A1E7A4F7556}") = "CreditManager.Infrastructure.Tests", "tests\CreditManager.Infrastructure.Tests\CreditManager.Infrastructure.Tests.csproj", "{EA40BB5C-2154-43B2-B742-FE914040BEAE}"
EndProject
Project("{9A19103F-16F7-4668-BE54-9A1E7A4F7556}") = "CreditManager.Persistence.Tests", "tests\CreditManager.Persistence.Tests\CreditManager.Persistence.Tests.csproj", "{F6399907-7DAC-4EFE-B932-68ABCD3A80E3}"
EndProject
Project("{2150E333-8FDC-42A3-9474-1A3956D46DE8}") = "identity", "identity", "{B3B4DAA4-F6A0-4EA8-8B51-4A7D0FF42463}"
EndProject
Project("{2150E333-8FDC-42A3-9474-1A3956D46DE8}") = "Processor", "Processor", "{070EEE1A-C5F0-4F62-BBD4-2C1340C624E5}"
EndProject
Project("{9A19103F-16F7-4668-BE54-9A1E7A4F7556}") = "CreditManager.Processor", "src\CreditManager.Processor\CreditManager.Processor.csproj", "{3E78D275-BD75-4A2E-AD3E-4A681754434B}"
EndProject
Project("{54A90642-561A-4BB1-A94E-469ADEE60C69}") = "CreditManager.UI", "src\CreditManager.UI\CreditManager.UI.esproj", "{4D61E59B-4259-46FE-9821-E0DD818F01E4}"
EndProject
Project("{FAE04EC0-301F-11D3-BF4B-00C04F79EFBC}") = "CreditManager.Identity", "Identity\CreditManager.Identity\CreditManager.Identity.csproj", "{40FDAAD1-3088-4D5F-ACED-47CD19829AEE}"
EndProject
Global
	GlobalSection(SolutionConfigurationPlatforms) = preSolution
		Debug|Any CPU = Debug|Any CPU
		Release|Any CPU = Release|Any CPU
	EndGlobalSection
	GlobalSection(ProjectConfigurationPlatforms) = postSolution
		{BFBC0017-9A74-41D3-AA27-5F7768F7D346}.Debug|Any CPU.ActiveCfg = Debug|Any CPU
		{BFBC0017-9A74-41D3-AA27-5F7768F7D346}.Debug|Any CPU.Build.0 = Debug|Any CPU
		{BFBC0017-9A74-41D3-AA27-5F7768F7D346}.Release|Any CPU.ActiveCfg = Release|Any CPU
		{BFBC0017-9A74-41D3-AA27-5F7768F7D346}.Release|Any CPU.Build.0 = Release|Any CPU
		{68B53CEA-2DAB-431C-BF93-46797E3949F5}.Debug|Any CPU.ActiveCfg = Debug|Any CPU
		{68B53CEA-2DAB-431C-BF93-46797E3949F5}.Debug|Any CPU.Build.0 = Debug|Any CPU
		{68B53CEA-2DAB-431C-BF93-46797E3949F5}.Release|Any CPU.ActiveCfg = Release|Any CPU
		{68B53CEA-2DAB-431C-BF93-46797E3949F5}.Release|Any CPU.Build.0 = Release|Any CPU
		{44F648CC-8AF6-42EF-A2AE-08DB06935D0C}.Debug|Any CPU.ActiveCfg = Debug|Any CPU
		{44F648CC-8AF6-42EF-A2AE-08DB06935D0C}.Debug|Any CPU.Build.0 = Debug|Any CPU
		{44F648CC-8AF6-42EF-A2AE-08DB06935D0C}.Release|Any CPU.ActiveCfg = Release|Any CPU
		{44F648CC-8AF6-42EF-A2AE-08DB06935D0C}.Release|Any CPU.Build.0 = Release|Any CPU
		{B26C3AEC-885B-46A2-BD20-0DD1F78A0E44}.Debug|Any CPU.ActiveCfg = Debug|Any CPU
		{B26C3AEC-885B-46A2-BD20-0DD1F78A0E44}.Debug|Any CPU.Build.0 = Debug|Any CPU
		{B26C3AEC-885B-46A2-BD20-0DD1F78A0E44}.Release|Any CPU.ActiveCfg = Release|Any CPU
		{B26C3AEC-885B-46A2-BD20-0DD1F78A0E44}.Release|Any CPU.Build.0 = Release|Any CPU
		{4877933D-AECC-4685-8DDB-19E5F4206095}.Debug|Any CPU.ActiveCfg = Debug|Any CPU
		{4877933D-AECC-4685-8DDB-19E5F4206095}.Debug|Any CPU.Build.0 = Debug|Any CPU
		{4877933D-AECC-4685-8DDB-19E5F4206095}.Release|Any CPU.ActiveCfg = Release|Any CPU
		{4877933D-AECC-4685-8DDB-19E5F4206095}.Release|Any CPU.Build.0 = Release|Any CPU
		{D0F19026-B208-4256-BCF8-CC92A20328B2}.Debug|Any CPU.ActiveCfg = Debug|Any CPU
		{D0F19026-B208-4256-BCF8-CC92A20328B2}.Debug|Any CPU.Build.0 = Debug|Any CPU
		{D0F19026-B208-4256-BCF8-CC92A20328B2}.Release|Any CPU.ActiveCfg = Release|Any CPU
		{D0F19026-B208-4256-BCF8-CC92A20328B2}.Release|Any CPU.Build.0 = Release|Any CPU
		{EA40BB5C-2154-43B2-B742-FE914040BEAE}.Debug|Any CPU.ActiveCfg = Debug|Any CPU
		{EA40BB5C-2154-43B2-B742-FE914040BEAE}.Debug|Any CPU.Build.0 = Debug|Any CPU
		{EA40BB5C-2154-43B2-B742-FE914040BEAE}.Release|Any CPU.ActiveCfg = Release|Any CPU
		{EA40BB5C-2154-43B2-B742-FE914040BEAE}.Release|Any CPU.Build.0 = Release|Any CPU
		{F6399907-7DAC-4EFE-B932-68ABCD3A80E3}.Debug|Any CPU.ActiveCfg = Debug|Any CPU
		{F6399907-7DAC-4EFE-B932-68ABCD3A80E3}.Debug|Any CPU.Build.0 = Debug|Any CPU
		{F6399907-7DAC-4EFE-B932-68ABCD3A80E3}.Release|Any CPU.ActiveCfg = Release|Any CPU
		{F6399907-7DAC-4EFE-B932-68ABCD3A80E3}.Release|Any CPU.Build.0 = Release|Any CPU
		{3E78D275-BD75-4A2E-AD3E-4A681754434B}.Debug|Any CPU.ActiveCfg = Debug|Any CPU
		{3E78D275-BD75-4A2E-AD3E-4A681754434B}.Debug|Any CPU.Build.0 = Debug|Any CPU
		{3E78D275-BD75-4A2E-AD3E-4A681754434B}.Release|Any CPU.ActiveCfg = Release|Any CPU
		{3E78D275-BD75-4A2E-AD3E-4A681754434B}.Release|Any CPU.Build.0 = Release|Any CPU
		{4D61E59B-4259-46FE-9821-E0DD818F01E4}.Debug|Any CPU.ActiveCfg = Debug|Any CPU
		{4D61E59B-4259-46FE-9821-E0DD818F01E4}.Debug|Any CPU.Build.0 = Debug|Any CPU
		{4D61E59B-4259-46FE-9821-E0DD818F01E4}.Debug|Any CPU.Deploy.0 = Debug|Any CPU
		{4D61E59B-4259-46FE-9821-E0DD818F01E4}.Release|Any CPU.ActiveCfg = Release|Any CPU
		{4D61E59B-4259-46FE-9821-E0DD818F01E4}.Release|Any CPU.Build.0 = Release|Any CPU
		{4D61E59B-4259-46FE-9821-E0DD818F01E4}.Release|Any CPU.Deploy.0 = Release|Any CPU
		{40FDAAD1-3088-4D5F-ACED-47CD19829AEE}.Debug|Any CPU.ActiveCfg = Debug|Any CPU
		{40FDAAD1-3088-4D5F-ACED-47CD19829AEE}.Debug|Any CPU.Build.0 = Debug|Any CPU
		{40FDAAD1-3088-4D5F-ACED-47CD19829AEE}.Release|Any CPU.ActiveCfg = Release|Any CPU
		{40FDAAD1-3088-4D5F-ACED-47CD19829AEE}.Release|Any CPU.Build.0 = Release|Any CPU
	EndGlobalSection
	GlobalSection(SolutionProperties) = preSolution
		HideSolutionNode = FALSE
	EndGlobalSection
	GlobalSection(NestedProjects) = preSolution
		{CB9D4F7B-AE5F-48E6-B085-67AD724BC29C} = {CD788418-3560-46EE-8667-8CDE5D7AF4BF}
		{31879909-1E17-4D1B-9B86-F5DA9D667A63} = {CD788418-3560-46EE-8667-8CDE5D7AF4BF}
		{C8F67E77-3326-44DD-8CDF-E950B8D54B14} = {CD788418-3560-46EE-8667-8CDE5D7AF4BF}
		{639AA125-7154-4D4C-9A2F-3DC22D4E7179} = {CD788418-3560-46EE-8667-8CDE5D7AF4BF}
		{BFBC0017-9A74-41D3-AA27-5F7768F7D346} = {31879909-1E17-4D1B-9B86-F5DA9D667A63}
		{68B53CEA-2DAB-431C-BF93-46797E3949F5} = {31879909-1E17-4D1B-9B86-F5DA9D667A63}
		{44F648CC-8AF6-42EF-A2AE-08DB06935D0C} = {C8F67E77-3326-44DD-8CDF-E950B8D54B14}
		{B26C3AEC-885B-46A2-BD20-0DD1F78A0E44} = {C8F67E77-3326-44DD-8CDF-E950B8D54B14}
		{4877933D-AECC-4685-8DDB-19E5F4206095} = {CB9D4F7B-AE5F-48E6-B085-67AD724BC29C}
		{D0F19026-B208-4256-BCF8-CC92A20328B2} = {4FBB8D5A-D260-49EE-B739-9364476D78DF}
		{EA40BB5C-2154-43B2-B742-FE914040BEAE} = {4FBB8D5A-D260-49EE-B739-9364476D78DF}
		{F6399907-7DAC-4EFE-B932-68ABCD3A80E3} = {4FBB8D5A-D260-49EE-B739-9364476D78DF}
		{070EEE1A-C5F0-4F62-BBD4-2C1340C624E5} = {CD788418-3560-46EE-8667-8CDE5D7AF4BF}
		{3E78D275-BD75-4A2E-AD3E-4A681754434B} = {070EEE1A-C5F0-4F62-BBD4-2C1340C624E5}
		{4D61E59B-4259-46FE-9821-E0DD818F01E4} = {639AA125-7154-4D4C-9A2F-3DC22D4E7179}
		{40FDAAD1-3088-4D5F-ACED-47CD19829AEE} = {B3B4DAA4-F6A0-4EA8-8B51-4A7D0FF42463}
	EndGlobalSection
	GlobalSection(ExtensibilityGlobals) = postSolution
		SolutionGuid = {5F058360-C21A-48A6-82F3-9A7E52D3DE70}
	EndGlobalSection
EndGlobal
